// !$*UTF8*$!
{
	archiveVersion = 1;
	classes = {
	};
	objectVersion = 50;
	objects = {

/* Begin PBXBuildFile section */
		E7945EB52693238C0018EEAB /* AppDelegate.swift in Sources */ = {isa = PBXBuildFile; fileRef = E7945EB42693238C0018EEAB /* AppDelegate.swift */; };
		E7945EB72693238C0018EEAB /* SceneDelegate.swift in Sources */ = {isa = PBXBuildFile; fileRef = E7945EB62693238C0018EEAB /* SceneDelegate.swift */; };
		E7945EB92693238C0018EEAB /* ViewController.swift in Sources */ = {isa = PBXBuildFile; fileRef = E7945EB82693238C0018EEAB /* ViewController.swift */; };
		E7945EBC2693238C0018EEAB /* Main.storyboard in Resources */ = {isa = PBXBuildFile; fileRef = E7945EBA2693238C0018EEAB /* Main.storyboard */; };
		E7945EBE2693238E0018EEAB /* Assets.xcassets in Resources */ = {isa = PBXBuildFile; fileRef = E7945EBD2693238E0018EEAB /* Assets.xcassets */; };
		E7945EC12693238E0018EEAB /* LaunchScreen.storyboard in Resources */ = {isa = PBXBuildFile; fileRef = E7945EBF2693238E0018EEAB /* LaunchScreen.storyboard */; };
		E7945EC9269325800018EEAB /* SearchData.swift in Sources */ = {isa = PBXBuildFile; fileRef = E7945EC82693257F0018EEAB /* SearchData.swift */; };
		E7945ECB269326630018EEAB /* Network.swift in Sources */ = {isa = PBXBuildFile; fileRef = E7945ECA269326630018EEAB /* Network.swift */; };
		E7945ECD269331D60018EEAB /* NetworkDataFetcher.swift in Sources */ = {isa = PBXBuildFile; fileRef = E7945ECC269331D60018EEAB /* NetworkDataFetcher.swift */; };
		E7945ECF269334CD0018EEAB /* DataFetcherService.swift in Sources */ = {isa = PBXBuildFile; fileRef = E7945ECE269334CD0018EEAB /* DataFetcherService.swift */; };
		E7945ED8269358230018EEAB /* MovieTableViewCell.swift in Sources */ = {isa = PBXBuildFile; fileRef = E7945ED7269358230018EEAB /* MovieTableViewCell.swift */; };
		E7945EDA269367440018EEAB /* DetailViewController.swift in Sources */ = {isa = PBXBuildFile; fileRef = E7945ED9269367440018EEAB /* DetailViewController.swift */; };
		E7945EDC269444A10018EEAB /* MovieData.swift in Sources */ = {isa = PBXBuildFile; fileRef = E7945EDB269444A10018EEAB /* MovieData.swift */; };
		E7945EE0269487630018EEAB /* ModalViewController.swift in Sources */ = {isa = PBXBuildFile; fileRef = E7945EDF269487630018EEAB /* ModalViewController.swift */; };
		E7945EE22695872C0018EEAB /* WebViewController.swift in Sources */ = {isa = PBXBuildFile; fileRef = E7945EE12695872C0018EEAB /* WebViewController.swift */; };
		E7D20EBF2695AE39004C88F6 /* Extensions.swift in Sources */ = {isa = PBXBuildFile; fileRef = E7D20EBE2695AE39004C88F6 /* Extensions.swift */; };
/* End PBXBuildFile section */

/* Begin PBXFileReference section */
		E7945EB12693238C0018EEAB /* Test UD.app */ = {isa = PBXFileReference; explicitFileType = wrapper.application; includeInIndex = 0; path = "Test UD.app"; sourceTree = BUILT_PRODUCTS_DIR; };
		E7945EB42693238C0018EEAB /* AppDelegate.swift */ = {isa = PBXFileReference; lastKnownFileType = sourcecode.swift; path = AppDelegate.swift; sourceTree = "<group>"; };
		E7945EB62693238C0018EEAB /* SceneDelegate.swift */ = {isa = PBXFileReference; lastKnownFileType = sourcecode.swift; path = SceneDelegate.swift; sourceTree = "<group>"; };
		E7945EB82693238C0018EEAB /* ViewController.swift */ = {isa = PBXFileReference; lastKnownFileType = sourcecode.swift; path = ViewController.swift; sourceTree = "<group>"; };
		E7945EBB2693238C0018EEAB /* Base */ = {isa = PBXFileReference; lastKnownFileType = file.storyboard; name = Base; path = Base.lproj/Main.storyboard; sourceTree = "<group>"; };
		E7945EBD2693238E0018EEAB /* Assets.xcassets */ = {isa = PBXFileReference; lastKnownFileType = folder.assetcatalog; path = Assets.xcassets; sourceTree = "<group>"; };
		E7945EC02693238E0018EEAB /* Base */ = {isa = PBXFileReference; lastKnownFileType = file.storyboard; name = Base; path = Base.lproj/LaunchScreen.storyboard; sourceTree = "<group>"; };
		E7945EC22693238E0018EEAB /* Info.plist */ = {isa = PBXFileReference; lastKnownFileType = text.plist.xml; path = Info.plist; sourceTree = "<group>"; };
		E7945EC82693257F0018EEAB /* SearchData.swift */ = {isa = PBXFileReference; lastKnownFileType = sourcecode.swift; path = SearchData.swift; sourceTree = "<group>"; };
		E7945ECA269326630018EEAB /* Network.swift */ = {isa = PBXFileReference; lastKnownFileType = sourcecode.swift; path = Network.swift; sourceTree = "<group>"; };
		E7945ECC269331D60018EEAB /* NetworkDataFetcher.swift */ = {isa = PBXFileReference; lastKnownFileType = sourcecode.swift; path = NetworkDataFetcher.swift; sourceTree = "<group>"; };
		E7945ECE269334CD0018EEAB /* DataFetcherService.swift */ = {isa = PBXFileReference; lastKnownFileType = sourcecode.swift; path = DataFetcherService.swift; sourceTree = "<group>"; };
		E7945ED7269358230018EEAB /* MovieTableViewCell.swift */ = {isa = PBXFileReference; lastKnownFileType = sourcecode.swift; path = MovieTableViewCell.swift; sourceTree = "<group>"; };
		E7945ED9269367440018EEAB /* DetailViewController.swift */ = {isa = PBXFileReference; lastKnownFileType = sourcecode.swift; path = DetailViewController.swift; sourceTree = "<group>"; };
		E7945EDB269444A10018EEAB /* MovieData.swift */ = {isa = PBXFileReference; lastKnownFileType = sourcecode.swift; path = MovieData.swift; sourceTree = "<group>"; };
		E7945EDF269487630018EEAB /* ModalViewController.swift */ = {isa = PBXFileReference; lastKnownFileType = sourcecode.swift; path = ModalViewController.swift; sourceTree = "<group>"; };
		E7945EE12695872C0018EEAB /* WebViewController.swift */ = {isa = PBXFileReference; lastKnownFileType = sourcecode.swift; path = WebViewController.swift; sourceTree = "<group>"; };
		E7D20EBE2695AE39004C88F6 /* Extensions.swift */ = {isa = PBXFileReference; lastKnownFileType = sourcecode.swift; path = Extensions.swift; sourceTree = "<group>"; };
/* End PBXFileReference section */

/* Begin PBXFrameworksBuildPhase section */
		E7945EAE2693238C0018EEAB /* Frameworks */ = {
			isa = PBXFrameworksBuildPhase;
			buildActionMask = 2147483647;
			files = (
			);
			runOnlyForDeploymentPostprocessing = 0;
		};
/* End PBXFrameworksBuildPhase section */

/* Begin PBXGroup section */
		E7945EA82693238C0018EEAB = {
			isa = PBXGroup;
			children = (
				E7945EB32693238C0018EEAB /* Test UD */,
				E7945EB22693238C0018EEAB /* Products */,
			);
			sourceTree = "<group>";
		};
		E7945EB22693238C0018EEAB /* Products */ = {
			isa = PBXGroup;
			children = (
				E7945EB12693238C0018EEAB /* Test UD.app */,
			);
			name = Products;
			sourceTree = "<group>";
		};
		E7945EB32693238C0018EEAB /* Test UD */ = {
			isa = PBXGroup;
			children = (
				E7945ED4269349870018EEAB /* NetworkService */,
				E7945EE3269589FA0018EEAB /* Controllers */,
				E7945ED32693497A0018EEAB /* Model */,
				E7945ED62693580F0018EEAB /* View */,
				E7945ED5269349B60018EEAB /* Supporting files */,
			);
			path = "Test UD";
			sourceTree = "<group>";
		};
		E7945ED32693497A0018EEAB /* Model */ = {
			isa = PBXGroup;
			children = (
				E7945EC82693257F0018EEAB /* SearchData.swift */,
				E7945EDB269444A10018EEAB /* MovieData.swift */,
			);
			path = Model;
			sourceTree = "<group>";
		};
		E7945ED4269349870018EEAB /* NetworkService */ = {
			isa = PBXGroup;
			children = (
				E7945ECA269326630018EEAB /* Network.swift */,
				E7945ECC269331D60018EEAB /* NetworkDataFetcher.swift */,
				E7945ECE269334CD0018EEAB /* DataFetcherService.swift */,
			);
			path = NetworkService;
			sourceTree = "<group>";
		};
		E7945ED5269349B60018EEAB /* Supporting files */ = {
			isa = PBXGroup;
			children = (
				E7945EB42693238C0018EEAB /* AppDelegate.swift */,
				E7945EB62693238C0018EEAB /* SceneDelegate.swift */,
				E7945EBD2693238E0018EEAB /* Assets.xcassets */,
				E7945EBF2693238E0018EEAB /* LaunchScreen.storyboard */,
				E7945EC22693238E0018EEAB /* Info.plist */,
			);
			path = "Supporting files";
			sourceTree = "<group>";
		};
		E7945ED62693580F0018EEAB /* View */ = {
			isa = PBXGroup;
			children = (
				E7945ED7269358230018EEAB /* MovieTableViewCell.swift */,
				E7945EBA2693238C0018EEAB /* Main.storyboard */,
			);
			path = View;
			sourceTree = "<group>";
		};
		E7945EE3269589FA0018EEAB /* Controllers */ = {
			isa = PBXGroup;
			children = (
				E7945EB82693238C0018EEAB /* ViewController.swift */,
				E7D20EBE2695AE39004C88F6 /* Extensions.swift */,
				E7945EDF269487630018EEAB /* ModalViewController.swift */,
				E7945ED9269367440018EEAB /* DetailViewController.swift */,
				E7945EE12695872C0018EEAB /* WebViewController.swift */,
			);
			path = Controllers;
			sourceTree = "<group>";
		};
/* End PBXGroup section */

/* Begin PBXNativeTarget section */
		E7945EB02693238C0018EEAB /* Test UD */ = {
			isa = PBXNativeTarget;
			buildConfigurationList = E7945EC52693238E0018EEAB /* Build configuration list for PBXNativeTarget "Test UD" */;
			buildPhases = (
				E7945EAD2693238C0018EEAB /* Sources */,
				E7945EAE2693238C0018EEAB /* Frameworks */,
				E7945EAF2693238C0018EEAB /* Resources */,
			);
			buildRules = (
			);
			dependencies = (
			);
			name = "Test UD";
			productName = "Test UD";
			productReference = E7945EB12693238C0018EEAB /* Test UD.app */;
			productType = "com.apple.product-type.application";
		};
/* End PBXNativeTarget section */

/* Begin PBXProject section */
		E7945EA92693238C0018EEAB /* Project object */ = {
			isa = PBXProject;
			attributes = {
				LastSwiftUpdateCheck = 1250;
				LastUpgradeCheck = 1250;
				TargetAttributes = {
					E7945EB02693238C0018EEAB = {
						CreatedOnToolsVersion = 12.5.1;
					};
				};
			};
			buildConfigurationList = E7945EAC2693238C0018EEAB /* Build configuration list for PBXProject "Test UD" */;
			compatibilityVersion = "Xcode 9.3";
			developmentRegion = en;
			hasScannedForEncodings = 0;
			knownRegions = (
				en,
				Base,
			);
			mainGroup = E7945EA82693238C0018EEAB;
			productRefGroup = E7945EB22693238C0018EEAB /* Products */;
			projectDirPath = "";
			projectRoot = "";
			targets = (
				E7945EB02693238C0018EEAB /* Test UD */,
			);
		};
/* End PBXProject section */

/* Begin PBXResourcesBuildPhase section */
		E7945EAF2693238C0018EEAB /* Resources */ = {
			isa = PBXResourcesBuildPhase;
			buildActionMask = 2147483647;
			files = (
				E7945EC12693238E0018EEAB /* LaunchScreen.storyboard in Resources */,
				E7945EBE2693238E0018EEAB /* Assets.xcassets in Resources */,
				E7945EBC2693238C0018EEAB /* Main.storyboard in Resources */,
			);
			runOnlyForDeploymentPostprocessing = 0;
		};
/* End PBXResourcesBuildPhase section */

/* Begin PBXSourcesBuildPhase section */
		E7945EAD2693238C0018EEAB /* Sources */ = {
			isa = PBXSourcesBuildPhase;
			buildActionMask = 2147483647;
			files = (
				E7945EDA269367440018EEAB /* DetailViewController.swift in Sources */,
				E7945ECD269331D60018EEAB /* NetworkDataFetcher.swift in Sources */,
				E7945ECF269334CD0018EEAB /* DataFetcherService.swift in Sources */,
				E7945EE0269487630018EEAB /* ModalViewController.swift in Sources */,
				E7D20EBF2695AE39004C88F6 /* Extensions.swift in Sources */,
				E7945ECB269326630018EEAB /* Network.swift in Sources */,
				E7945EB92693238C0018EEAB /* ViewController.swift in Sources */,
				E7945EDC269444A10018EEAB /* MovieData.swift in Sources */,
				E7945EE22695872C0018EEAB /* WebViewController.swift in Sources */,
				E7945EB52693238C0018EEAB /* AppDelegate.swift in Sources */,
				E7945EC9269325800018EEAB /* SearchData.swift in Sources */,
				E7945ED8269358230018EEAB /* MovieTableViewCell.swift in Sources */,
				E7945EB72693238C0018EEAB /* SceneDelegate.swift in Sources */,
			);
			runOnlyForDeploymentPostprocessing = 0;
		};
/* End PBXSourcesBuildPhase section */

/* Begin PBXVariantGroup section */
		E7945EBA2693238C0018EEAB /* Main.storyboard */ = {
			isa = PBXVariantGroup;
			children = (
				E7945EBB2693238C0018EEAB /* Base */,
			);
			name = Main.storyboard;
			sourceTree = "<group>";
		};
		E7945EBF2693238E0018EEAB /* LaunchScreen.storyboard */ = {
			isa = PBXVariantGroup;
			children = (
				E7945EC02693238E0018EEAB /* Base */,
			);
			name = LaunchScreen.storyboard;
			sourceTree = "<group>";
		};
/* End PBXVariantGroup section */

/* Begin XCBuildConfiguration section */
		E7945EC32693238E0018EEAB /* Debug */ = {
			isa = XCBuildConfiguration;
			buildSettings = {
				ALWAYS_SEARCH_USER_PATHS = NO;
				CLANG_ANALYZER_NONNULL = YES;
				CLANG_ANALYZER_NUMBER_OBJECT_CONVERSION = YES_AGGRESSIVE;
				CLANG_CXX_LANGUAGE_STANDARD = "gnu++14";
				CLANG_CXX_LIBRARY = "libc++";
				CLANG_ENABLE_MODULES = YES;
				CLANG_ENABLE_OBJC_ARC = YES;
				CLANG_ENABLE_OBJC_WEAK = YES;
				CLANG_WARN_BLOCK_CAPTURE_AUTORELEASING = YES;
				CLANG_WARN_BOOL_CONVERSION = YES;
				CLANG_WARN_COMMA = YES;
				CLANG_WARN_CONSTANT_CONVERSION = YES;
				CLANG_WARN_DEPRECATED_OBJC_IMPLEMENTATIONS = YES;
				CLANG_WARN_DIRECT_OBJC_ISA_USAGE = YES_ERROR;
				CLANG_WARN_DOCUMENTATION_COMMENTS = YES;
				CLANG_WARN_EMPTY_BODY = YES;
				CLANG_WARN_ENUM_CONVERSION = YES;
				CLANG_WARN_INFINITE_RECURSION = YES;
				CLANG_WARN_INT_CONVERSION = YES;
				CLANG_WARN_NON_LITERAL_NULL_CONVERSION = YES;
				CLANG_WARN_OBJC_IMPLICIT_RETAIN_SELF = YES;
				CLANG_WARN_OBJC_LITERAL_CONVERSION = YES;
				CLANG_WARN_OBJC_ROOT_CLASS = YES_ERROR;
				CLANG_WARN_QUOTED_INCLUDE_IN_FRAMEWORK_HEADER = YES;
				CLANG_WARN_RANGE_LOOP_ANALYSIS = YES;
				CLANG_WARN_STRICT_PROTOTYPES = YES;
				CLANG_WARN_SUSPICIOUS_MOVE = YES;
				CLANG_WARN_UNGUARDED_AVAILABILITY = YES_AGGRESSIVE;
				CLANG_WARN_UNREACHABLE_CODE = YES;
				CLANG_WARN__DUPLICATE_METHOD_MATCH = YES;
				COPY_PHASE_STRIP = NO;
				DEBUG_INFORMATION_FORMAT = dwarf;
				ENABLE_STRICT_OBJC_MSGSEND = YES;
				ENABLE_TESTABILITY = YES;
				GCC_C_LANGUAGE_STANDARD = gnu11;
				GCC_DYNAMIC_NO_PIC = NO;
				GCC_NO_COMMON_BLOCKS = YES;
				GCC_OPTIMIZATION_LEVEL = 0;
				GCC_PREPROCESSOR_DEFINITIONS = (
					"DEBUG=1",
					"$(inherited)",
				);
				GCC_WARN_64_TO_32_BIT_CONVERSION = YES;
				GCC_WARN_ABOUT_RETURN_TYPE = YES_ERROR;
				GCC_WARN_UNDECLARED_SELECTOR = YES;
				GCC_WARN_UNINITIALIZED_AUTOS = YES_AGGRESSIVE;
				GCC_WARN_UNUSED_FUNCTION = YES;
				GCC_WARN_UNUSED_VARIABLE = YES;
				IPHONEOS_DEPLOYMENT_TARGET = 14.5;
				MTL_ENABLE_DEBUG_INFO = INCLUDE_SOURCE;
				MTL_FAST_MATH = YES;
				ONLY_ACTIVE_ARCH = YES;
				SDKROOT = iphoneos;
				SWIFT_ACTIVE_COMPILATION_CONDITIONS = DEBUG;
				SWIFT_OPTIMIZATION_LEVEL = "-Onone";
			};
			name = Debug;
		};
		E7945EC42693238E0018EEAB /* Release */ = {
			isa = XCBuildConfiguration;
			buildSettings = {
				ALWAYS_SEARCH_USER_PATHS = NO;
				CLANG_ANALYZER_NONNULL = YES;
				CLANG_ANALYZER_NUMBER_OBJECT_CONVERSION = YES_AGGRESSIVE;
				CLANG_CXX_LANGUAGE_STANDARD = "gnu++14";
				CLANG_CXX_LIBRARY = "libc++";
				CLANG_ENABLE_MODULES = YES;
				CLANG_ENABLE_OBJC_ARC = YES;
				CLANG_ENABLE_OBJC_WEAK = YES;
				CLANG_WARN_BLOCK_CAPTURE_AUTORELEASING = YES;
				CLANG_WARN_BOOL_CONVERSION = YES;
				CLANG_WARN_COMMA = YES;
				CLANG_WARN_CONSTANT_CONVERSION = YES;
				CLANG_WARN_DEPRECATED_OBJC_IMPLEMENTATIONS = YES;
				CLANG_WARN_DIRECT_OBJC_ISA_USAGE = YES_ERROR;
				CLANG_WARN_DOCUMENTATION_COMMENTS = YES;
				CLANG_WARN_EMPTY_BODY = YES;
				CLANG_WARN_ENUM_CONVERSION = YES;
				CLANG_WARN_INFINITE_RECURSION = YES;
				CLANG_WARN_INT_CONVERSION = YES;
				CLANG_WARN_NON_LITERAL_NULL_CONVERSION = YES;
				CLANG_WARN_OBJC_IMPLICIT_RETAIN_SELF = YES;
				CLANG_WARN_OBJC_LITERAL_CONVERSION = YES;
				CLANG_WARN_OBJC_ROOT_CLASS = YES_ERROR;
				CLANG_WARN_QUOTED_INCLUDE_IN_FRAMEWORK_HEADER = YES;
				CLANG_WARN_RANGE_LOOP_ANALYSIS = YES;
				CLANG_WARN_STRICT_PROTOTYPES = YES;
				CLANG_WARN_SUSPICIOUS_MOVE = YES;
				CLANG_WARN_UNGUARDED_AVAILABILITY = YES_AGGRESSIVE;
				CLANG_WARN_UNREACHABLE_CODE = YES;
				CLANG_WARN__DUPLICATE_METHOD_MATCH = YES;
				COPY_PHASE_STRIP = NO;
				DEBUG_INFORMATION_FORMAT = "dwarf-with-dsym";
				ENABLE_NS_ASSERTIONS = NO;
				ENABLE_STRICT_OBJC_MSGSEND = YES;
				GCC_C_LANGUAGE_STANDARD = gnu11;
				GCC_NO_COMMON_BLOCKS = YES;
				GCC_WARN_64_TO_32_BIT_CONVERSION = YES;
				GCC_WARN_ABOUT_RETURN_TYPE = YES_ERROR;
				GCC_WARN_UNDECLARED_SELECTOR = YES;
				GCC_WARN_UNINITIALIZED_AUTOS = YES_AGGRESSIVE;
				GCC_WARN_UNUSED_FUNCTION = YES;
				GCC_WARN_UNUSED_VARIABLE = YES;
				IPHONEOS_DEPLOYMENT_TARGET = 14.5;
				MTL_ENABLE_DEBUG_INFO = NO;
				MTL_FAST_MATH = YES;
				SDKROOT = iphoneos;
				SWIFT_COMPILATION_MODE = wholemodule;
				SWIFT_OPTIMIZATION_LEVEL = "-O";
				VALIDATE_PRODUCT = YES;
			};
			name = Release;
		};
		E7945EC62693238E0018EEAB /* Debug */ = {
			isa = XCBuildConfiguration;
			buildSettings = {
				ASSETCATALOG_COMPILER_APPICON_NAME = AppIcon;
				ASSETCATALOG_COMPILER_GLOBAL_ACCENT_COLOR_NAME = AccentColor;
				CODE_SIGN_STYLE = Automatic;
				DEVELOPMENT_TEAM = RKG3CKHF53;
				INFOPLIST_FILE = "Test UD/Supporting files/Info.plist";
				LD_RUNPATH_SEARCH_PATHS = (
					"$(inherited)",
					"@executable_path/Frameworks",
				);
				PRODUCT_BUNDLE_IDENTIFIER = "Oleg-Savelev.Test-UD";
				PRODUCT_NAME = "$(TARGET_NAME)";
				SWIFT_VERSION = 5.0;
				TARGETED_DEVICE_FAMILY = "1,2";
			};
			name = Debug;
		};
		E7945EC72693238E0018EEAB /* Release */ = {
			isa = XCBuildConfiguration;
			buildSettings = {
				ASSETCATALOG_COMPILER_APPICON_NAME = AppIcon;
				ASSETCATALOG_COMPILER_GLOBAL_ACCENT_COLOR_NAME = AccentColor;
				CODE_SIGN_STYLE = Automatic;
				DEVELOPMENT_TEAM = RKG3CKHF53;
				INFOPLIST_FILE = "Test UD/Supporting files/Info.plist";
				LD_RUNPATH_SEARCH_PATHS = (
					"$(inherited)",
					"@executable_path/Frameworks",
				);
				PRODUCT_BUNDLE_IDENTIFIER = "Oleg-Savelev.Test-UD";
				PRODUCT_NAME = "$(TARGET_NAME)";
				SWIFT_VERSION = 5.0;
				TARGETED_DEVICE_FAMILY = "1,2";
			};
			name = Release;
		};
/* End XCBuildConfiguration section */

/* Begin XCConfigurationList section */
		E7945EAC2693238C0018EEAB /* Build configuration list for PBXProject "Test UD" */ = {
			isa = XCConfigurationList;
			buildConfigurations = (
				E7945EC32693238E0018EEAB /* Debug */,
				E7945EC42693238E0018EEAB /* Release */,
			);
			defaultConfigurationIsVisible = 0;
			defaultConfigurationName = Release;
		};
		E7945EC52693238E0018EEAB /* Build configuration list for PBXNativeTarget "Test UD" */ = {
			isa = XCConfigurationList;
			buildConfigurations = (
				E7945EC62693238E0018EEAB /* Debug */,
				E7945EC72693238E0018EEAB /* Release */,
			);
			defaultConfigurationIsVisible = 0;
			defaultConfigurationName = Release;
		};
/* End XCConfigurationList section */
	};
	rootObject = E7945EA92693238C0018EEAB /* Project object */;
}
